// !$*UTF8*$!
{
	archiveVersion = 1;
	classes = {
	};
	objectVersion = 77;
	objects = {

/* Begin PBXBuildFile section */
		A70000010000000000000004 /* Inject in Frameworks */ = {isa = PBXBuildFile; productRef = A70000010000000000000003 /* Inject */; };
/* End PBXBuildFile section */

/* Begin PBXContainerItemProxy section */
		A2000001000000000000000A /* PBXContainerItemProxy */ = {
			isa = PBXContainerItemProxy;
			containerPortal = A1000001000000000000000A /* Project object */;
			proxyType = 1;
			remoteGlobalIDString = A10000010000000000000006;
			remoteInfo = Lumina;
		};
		A3000001000000000000000A /* PBXContainerItemProxy */ = {
			isa = PBXContainerItemProxy;
			containerPortal = A1000001000000000000000A /* Project object */;
			proxyType = 1;
			remoteGlobalIDString = A10000010000000000000006;
			remoteInfo = Lumina;
		};
/* End PBXContainerItemProxy section */

/* Begin PBXFileReference section */
		A10000010000000000000001 /* Lumina.app */ = {isa = PBXFileReference; explicitFileType = wrapper.application; includeInIndex = 0; path = Lumina.app; sourceTree = BUILT_PRODUCTS_DIR; };
		A20000010000000000000001 /* LuminaUITests.xctest */ = {isa = PBXFileReference; explicitFileType = wrapper.cfbundle; includeInIndex = 0; path = LuminaUITests.xctest; sourceTree = BUILT_PRODUCTS_DIR; };
		A30000010000000000000001 /* LuminaLogicTests.xctest */ = {isa = PBXFileReference; explicitFileType = wrapper.cfbundle; includeInIndex = 0; path = LuminaLogicTests.xctest; sourceTree = BUILT_PRODUCTS_DIR; };
		A60000010000000000000001 /* LuminaPlayground.app */ = {isa = PBXFileReference; explicitFileType = wrapper.application; includeInIndex = 0; path = LuminaPlayground.app; sourceTree = BUILT_PRODUCTS_DIR; };
/* End PBXFileReference section */

/* Begin PBXFileSystemSynchronizedRootGroup section */
		A10000010000000000000002 /* Lumina */ = {
			isa = PBXFileSystemSynchronizedRootGroup;
			path = Lumina;
			sourceTree = "<group>";
		};
		A20000010000000000000002 /* LuminaUITests */ = {
			isa = PBXFileSystemSynchronizedRootGroup;
			path = LuminaUITests;
			sourceTree = "<group>";
		};
		A30000010000000000000002 /* LuminaLogicTests */ = {
			isa = PBXFileSystemSynchronizedRootGroup;
			path = LuminaLogicTests;
			sourceTree = "<group>";
		};
		A40000010000000000000002 /* DesignTokens */ = {
			isa = PBXFileSystemSynchronizedRootGroup;
			path = DesignTokens;
			sourceTree = "<group>";
		};
/* End PBXFileSystemSynchronizedRootGroup section */

/* Begin PBXFrameworksBuildPhase section */
		A10000010000000000000003 /* Frameworks */ = {
			isa = PBXFrameworksBuildPhase;
			buildActionMask = 2147483647;
			files = (
			);
			runOnlyForDeploymentPostprocessing = 0;
		};
		A20000010000000000000003 /* Frameworks */ = {
			isa = PBXFrameworksBuildPhase;
			buildActionMask = 2147483647;
			files = (
			);
			runOnlyForDeploymentPostprocessing = 0;
		};
		A30000010000000000000003 /* Frameworks */ = {
			isa = PBXFrameworksBuildPhase;
			buildActionMask = 2147483647;
			files = (
			);
			runOnlyForDeploymentPostprocessing = 0;
		};
		A60000010000000000000003 /* Frameworks */ = {
			isa = PBXFrameworksBuildPhase;
			buildActionMask = 2147483647;
			files = (
				A70000010000000000000004 /* Inject in Frameworks */,
			);
			runOnlyForDeploymentPostprocessing = 0;
		};
/* End PBXFrameworksBuildPhase section */

/* Begin PBXGroup section */
		A10000010000000000000004 = {
			isa = PBXGroup;
			children = (
				A10000010000000000000002 /* Lumina */,
				A40000010000000000000002 /* DesignTokens */,
				A20000010000000000000002 /* LuminaUITests */,
				A30000010000000000000002 /* LuminaLogicTests */,
				A10000010000000000000005 /* Products */,
			);
			sourceTree = "<group>";
		};
		A10000010000000000000005 /* Products */ = {
			isa = PBXGroup;
			children = (
				A10000010000000000000001 /* Lumina.app */,
				A20000010000000000000001 /* LuminaUITests.xctest */,
				A30000010000000000000001 /* LuminaLogicTests.xctest */,
				A60000010000000000000001 /* LuminaPlayground.app */,
			);
			name = Products;
			sourceTree = "<group>";
		};
/* End PBXGroup section */

/* Begin PBXNativeTarget section */
		A10000010000000000000006 /* Lumina */ = {
			isa = PBXNativeTarget;
			buildConfigurationList = A10000010000000000000007 /* Build configuration list for PBXNativeTarget "Lumina" */;
			buildPhases = (
				A50000010000000000000008 /* Embed Build Manifest */,
				A10000010000000000000008 /* Sources */,
				A10000010000000000000003 /* Frameworks */,
				A10000010000000000000009 /* Resources */,
			);
			buildRules = (
			);
			dependencies = (
			);
			fileSystemSynchronizedGroups = (
				A10000010000000000000002 /* Lumina */,
				A40000010000000000000002 /* DesignTokens */,
			);
			name = Lumina;
			packageProductDependencies = (
			);
			productName = Lumina;
			productReference = A10000010000000000000001 /* Lumina.app */;
			productType = "com.apple.product-type.application";
		};
		A20000010000000000000006 /* LuminaUITests */ = {
			isa = PBXNativeTarget;
			buildConfigurationList = A20000010000000000000007 /* Build configuration list for PBXNativeTarget "LuminaUITests" */;
			buildPhases = (
				A20000010000000000000008 /* Sources */,
				A20000010000000000000003 /* Frameworks */,
				A20000010000000000000009 /* Resources */,
			);
			buildRules = (
			);
			dependencies = (
				A2000001000000000000000B /* PBXTargetDependency */,
			);
			fileSystemSynchronizedGroups = (
				A20000010000000000000002 /* LuminaUITests */,
			);
			name = LuminaUITests;
			packageProductDependencies = (
			);
			productName = LuminaUITests;
			productReference = A20000010000000000000001 /* LuminaUITests.xctest */;
			productType = "com.apple.product-type.bundle.ui-testing";
		};
		A30000010000000000000006 /* LuminaLogicTests */ = {
			isa = PBXNativeTarget;
			buildConfigurationList = A30000010000000000000007 /* Build configuration list for PBXNativeTarget "LuminaLogicTests" */;
			buildPhases = (
				A30000010000000000000008 /* Sources */,
				A30000010000000000000003 /* Frameworks */,
				A30000010000000000000009 /* Resources */,
			);
			buildRules = (
			);
			dependencies = (
				A3000001000000000000000B /* PBXTargetDependency */,
			);
			fileSystemSynchronizedGroups = (
				A30000010000000000000002 /* LuminaLogicTests */,
			);
			name = LuminaLogicTests;
			packageProductDependencies = (
			);
			productName = LuminaLogicTests;
			productReference = A30000010000000000000001 /* LuminaLogicTests.xctest */;
			productType = "com.apple.product-type.bundle.unit-test";
		};
		A60000010000000000000006 /* LuminaPlayground */ = {
			isa = PBXNativeTarget;
			buildConfigurationList = A60000010000000000000007 /* Build configuration list for PBXNativeTarget "LuminaPlayground" */;
			buildPhases = (
				A60000010000000000000008 /* Sources */,
				A60000010000000000000003 /* Frameworks */,
				A60000010000000000000009 /* Resources */,
				A60000010000000000000010 /* Copy Injection Bundle */,
			);
			buildRules = (
			);
			dependencies = (
			);
			fileSystemSynchronizedGroups = (
				A10000010000000000000002 /* Lumina */,
				A40000010000000000000002 /* DesignTokens */,
			);
			name = LuminaPlayground;
			packageProductDependencies = (
				A70000010000000000000003 /* Inject */,
			);
			productName = LuminaPlayground;
			productReference = A60000010000000000000001 /* LuminaPlayground.app */;
			productType = "com.apple.product-type.application";
		};
/* End PBXNativeTarget section */

/* Begin PBXProject section */
		A1000001000000000000000A /* Project object */ = {
			isa = PBXProject;
			attributes = {
				BuildIndependentTargetsInParallel = 1;
				LastSwiftUpdateCheck = 2600;
				LastUpgradeCheck = 2600;
				TargetAttributes = {
					A10000010000000000000006 = {
						CreatedOnToolsVersion = 26.0;
					};
					A20000010000000000000006 = {
						CreatedOnToolsVersion = 26.0;
						TestTargetID = A10000010000000000000006;
					};
					A30000010000000000000006 = {
						CreatedOnToolsVersion = 26.0;
						TestTargetID = A10000010000000000000006;
					};
					A60000010000000000000006 = {
						CreatedOnToolsVersion = 26.0;
					};
				};
			};
			buildConfigurationList = A1000001000000000000000B /* Build configuration list for PBXProject "Lumina" */;
			developmentRegion = en;
			hasScannedForEncodings = 0;
			knownRegions = (
				en,
				Base,
			);
			mainGroup = A10000010000000000000004;
			minimizedProjectReferenceProxies = 1;
			packageReferences = (
				A70000010000000000000002 /* XCRemoteSwiftPackageReference "Inject" */,
			);
			preferredProjectObjectVersion = 77;
			productRefGroup = A10000010000000000000005 /* Products */;
			projectDirPath = "";
			projectRoot = "";
			targets = (
				A10000010000000000000006 /* Lumina */,
				A20000010000000000000006 /* LuminaUITests */,
				A30000010000000000000006 /* LuminaLogicTests */,
				A60000010000000000000006 /* LuminaPlayground */,
			);
		};
/* End PBXProject section */

/* Begin PBXResourcesBuildPhase section */
		A10000010000000000000009 /* Resources */ = {
			isa = PBXResourcesBuildPhase;
			buildActionMask = 2147483647;
			files = (
			);
			runOnlyForDeploymentPostprocessing = 0;
		};
		A20000010000000000000009 /* Resources */ = {
			isa = PBXResourcesBuildPhase;
			buildActionMask = 2147483647;
			files = (
			);
			runOnlyForDeploymentPostprocessing = 0;
		};
		A30000010000000000000009 /* Resources */ = {
			isa = PBXResourcesBuildPhase;
			buildActionMask = 2147483647;
			files = (
			);
			runOnlyForDeploymentPostprocessing = 0;
		};
		A60000010000000000000009 /* Resources */ = {
			isa = PBXResourcesBuildPhase;
			buildActionMask = 2147483647;
			files = (
			);
			runOnlyForDeploymentPostprocessing = 0;
		};
/* End PBXResourcesBuildPhase section */

/* Begin PBXShellScriptBuildPhase section */
		A50000010000000000000008 /* Embed Build Manifest */ = {
			isa = PBXShellScriptBuildPhase;
			alwaysOutOfDate = 1;
			buildActionMask = 2147483647;
			files = (
			);
			inputPaths = (
			);
			name = "Embed Build Manifest";
			outputPaths = (
				"$(SRCROOT)/Lumina/Resources/LuminaBuildManifest.json",
			);
			runOnlyForDeploymentPostprocessing = 0;
			shellPath = /bin/sh;
			shellScript = "export MARKETING_VERSION=\"${MARKETING_VERSION}\"\nexport CURRENT_PROJECT_VERSION=\"${CURRENT_PROJECT_VERSION}\"\nexport CONFIGURATION=\"${CONFIGURATION}\"\npython3 \"${SRCROOT}/Scripts/harness/release/write_build_manifest.py\"\n";
		};
		A60000010000000000000010 /* Copy Injection Bundle */ = {
			isa = PBXShellScriptBuildPhase;
			buildActionMask = 2147483647;
			files = (
			);
			inputPaths = (
			);
			name = "Copy Injection Bundle";
			outputPaths = (
			);
			runOnlyForDeploymentPostprocessing = 0;
			shellPath = /bin/sh;
			shellScript = "RESOURCES=\"/Applications/InjectionIII.app/Contents/Resources\"\nif [ -f \"$RESOURCES/copy_bundle.sh\" ]; then\n  \"$RESOURCES/copy_bundle.sh\"\nfi\n";
		};
/* End PBXShellScriptBuildPhase section */

/* Begin PBXSourcesBuildPhase section */
		A10000010000000000000008 /* Sources */ = {
			isa = PBXSourcesBuildPhase;
			buildActionMask = 2147483647;
			files = (
			);
			runOnlyForDeploymentPostprocessing = 0;
		};
		A20000010000000000000008 /* Sources */ = {
			isa = PBXSourcesBuildPhase;
			buildActionMask = 2147483647;
			files = (
			);
			runOnlyForDeploymentPostprocessing = 0;
		};
		A30000010000000000000008 /* Sources */ = {
			isa = PBXSourcesBuildPhase;
			buildActionMask = 2147483647;
			files = (
			);
			runOnlyForDeploymentPostprocessing = 0;
		};
		A60000010000000000000008 /* Sources */ = {
			isa = PBXSourcesBuildPhase;
			buildActionMask = 2147483647;
			files = (
			);
			runOnlyForDeploymentPostprocessing = 0;
		};
/* End PBXSourcesBuildPhase section */

/* Begin PBXTargetDependency section */
		A2000001000000000000000B /* PBXTargetDependency */ = {
			isa = PBXTargetDependency;
			target = A10000010000000000000006 /* Lumina */;
			targetProxy = A2000001000000000000000A /* PBXContainerItemProxy */;
		};
		A3000001000000000000000B /* PBXTargetDependency */ = {
			isa = PBXTargetDependency;
			target = A10000010000000000000006 /* Lumina */;
			targetProxy = A3000001000000000000000A /* PBXContainerItemProxy */;
		};
/* End PBXTargetDependency section */

/* Begin XCBuildConfiguration section */
		A1000001000000000000000C /* Debug */ = {
			isa = XCBuildConfiguration;
			buildSettings = {
				ALWAYS_SEARCH_USER_PATHS = NO;
				ASSETCATALOG_COMPILER_GENERATE_SWIFT_ASSET_SYMBOL_EXTENSIONS = YES;
				CLANG_ENABLE_MODULES = YES;
				CLANG_ENABLE_OBJC_ARC = YES;
				COPY_PHASE_STRIP = NO;
				DEBUG_INFORMATION_FORMAT = dwarf;
				ENABLE_STRICT_OBJC_MSGSEND = YES;
				ENABLE_TESTABILITY = YES;
				GCC_DYNAMIC_NO_PIC = NO;
				GCC_OPTIMIZATION_LEVEL = 0;
				GCC_PREPROCESSOR_DEFINITIONS = (
					"DEBUG=1",
					"$(inherited)",
				);
				MACOSX_DEPLOYMENT_TARGET = 14.0;
				MTL_ENABLE_DEBUG_INFO = INCLUDE_SOURCE;
				ONLY_ACTIVE_ARCH = YES;
				SDKROOT = macosx;
				SWIFT_ACTIVE_COMPILATION_CONDITIONS = "DEBUG $(inherited)";
				SWIFT_OPTIMIZATION_LEVEL = "-Onone";
			};
			name = Debug;
		};
		A1000001000000000000000D /* Release */ = {
			isa = XCBuildConfiguration;
			buildSettings = {
				ALWAYS_SEARCH_USER_PATHS = NO;
				ASSETCATALOG_COMPILER_GENERATE_SWIFT_ASSET_SYMBOL_EXTENSIONS = YES;
				CLANG_ENABLE_MODULES = YES;
				CLANG_ENABLE_OBJC_ARC = YES;
				COPY_PHASE_STRIP = NO;
				DEAD_CODE_STRIPPING = YES;
				DEBUG_INFORMATION_FORMAT = "dwarf-with-dsym";
				ENABLE_NS_ASSERTIONS = NO;
				ENABLE_STRICT_OBJC_MSGSEND = YES;
				MACOSX_DEPLOYMENT_TARGET = 14.0;
				MTL_ENABLE_DEBUG_INFO = NO;
				SDKROOT = macosx;
				SWIFT_COMPILATION_MODE = wholemodule;
			};
			name = Release;
		};
		A1000001000000000000000E /* Debug */ = {
			isa = XCBuildConfiguration;
			buildSettings = {
				ASSETCATALOG_COMPILER_APPICON_NAME = AppIcon;
				ASSETCATALOG_COMPILER_GLOBAL_ACCENT_COLOR_NAME = AccentColor;
				CODE_SIGN_STYLE = Automatic;
				COMBINE_HIDPI_IMAGES = YES;
				CURRENT_PROJECT_VERSION = 1;
				DEVELOPMENT_TEAM = "";
				ENABLE_HARDENED_RUNTIME = YES;
				ENABLE_PREVIEWS = YES;
				GENERATE_INFOPLIST_FILE = YES;
				INFOPLIST_KEY_NSHumanReadableCopyright = "";
				LD_RUNPATH_SEARCH_PATHS = (
					"$(inherited)",
					"@executable_path/../Frameworks",
				);
				MARKETING_VERSION = 0.1.0;
				PRODUCT_BUNDLE_IDENTIFIER = com.lumina.app;
				PRODUCT_NAME = "$(TARGET_NAME)";
				SWIFT_APPROACHABLE_CONCURRENCY = YES;
				SWIFT_DEFAULT_ACTOR_ISOLATION = MainActor;
				SWIFT_EMIT_LOC_STRINGS = YES;
				SWIFT_VERSION = 5.0;
			};
			name = Debug;
		};
		A1000001000000000000000F /* Release */ = {
			isa = XCBuildConfiguration;
			buildSettings = {
				ASSETCATALOG_COMPILER_APPICON_NAME = AppIcon;
				ASSETCATALOG_COMPILER_GLOBAL_ACCENT_COLOR_NAME = AccentColor;
				CODE_SIGN_STYLE = Automatic;
				COMBINE_HIDPI_IMAGES = YES;
				CURRENT_PROJECT_VERSION = 1;
				DEAD_CODE_STRIPPING = YES;
				DEPLOYMENT_POSTPROCESSING = YES;
				DEVELOPMENT_TEAM = "";
				ENABLE_HARDENED_RUNTIME = YES;
				ENABLE_PREVIEWS = YES;
				GENERATE_INFOPLIST_FILE = YES;
				INFOPLIST_KEY_NSHumanReadableCopyright = "";
				LD_RUNPATH_SEARCH_PATHS = (
					"$(inherited)",
					"@executable_path/../Frameworks",
				);
				MARKETING_VERSION = 0.1.0;
				PRODUCT_BUNDLE_IDENTIFIER = com.lumina.app;
				PRODUCT_NAME = "$(TARGET_NAME)";
				STRIP_INSTALLED_PRODUCT = YES;
				STRIP_SWIFT_SYMBOLS = YES;
				SWIFT_ACTIVE_COMPILATION_CONDITIONS = "LUMINA_SHIPPING_APP $(inherited)";
				SWIFT_APPROACHABLE_CONCURRENCY = YES;
				SWIFT_DEFAULT_ACTOR_ISOLATION = MainActor;
				SWIFT_EMIT_LOC_STRINGS = YES;
				SWIFT_VERSION = 5.0;
			};
			name = Release;
		};
		A2000001000000000000000E /* Debug */ = {
			isa = XCBuildConfiguration;
			buildSettings = {
				CODE_SIGN_STYLE = Automatic;
				CURRENT_PROJECT_VERSION = 1;
				DEVELOPMENT_TEAM = "";
				GENERATE_INFOPLIST_FILE = YES;
				MACOSX_DEPLOYMENT_TARGET = 14.0;
				MARKETING_VERSION = 0.1.0;
				PRODUCT_BUNDLE_IDENTIFIER = com.lumina.app.uitests;
				PRODUCT_NAME = "$(TARGET_NAME)";
				SDKROOT = macosx;
				SWIFT_APPROACHABLE_CONCURRENCY = YES;
				SWIFT_DEFAULT_ACTOR_ISOLATION = MainActor;
				SWIFT_EMIT_LOC_STRINGS = NO;
				SWIFT_VERSION = 5.0;
				TEST_TARGET_NAME = Lumina;
			};
			name = Debug;
		};
		A2000001000000000000000F /* Release */ = {
			isa = XCBuildConfiguration;
			buildSettings = {
				CODE_SIGN_STYLE = Automatic;
				CURRENT_PROJECT_VERSION = 1;
				DEVELOPMENT_TEAM = "";
				GENERATE_INFOPLIST_FILE = YES;
				MACOSX_DEPLOYMENT_TARGET = 14.0;
				MARKETING_VERSION = 0.1.0;
				PRODUCT_BUNDLE_IDENTIFIER = com.lumina.app.uitests;
				PRODUCT_NAME = "$(TARGET_NAME)";
				SDKROOT = macosx;
				SWIFT_APPROACHABLE_CONCURRENCY = YES;
				SWIFT_DEFAULT_ACTOR_ISOLATION = MainActor;
				SWIFT_EMIT_LOC_STRINGS = NO;
				SWIFT_VERSION = 5.0;
				TEST_TARGET_NAME = Lumina;
			};
			name = Release;
		};
		A3000001000000000000000E /* Debug */ = {
			isa = XCBuildConfiguration;
			buildSettings = {
				BUNDLE_LOADER = "$(TEST_HOST)";
				CODE_SIGN_STYLE = Automatic;
				CURRENT_PROJECT_VERSION = 1;
				DEVELOPMENT_TEAM = "";
				GENERATE_INFOPLIST_FILE = YES;
				MACOSX_DEPLOYMENT_TARGET = 14.0;
				MARKETING_VERSION = 0.1.0;
				PRODUCT_BUNDLE_IDENTIFIER = com.lumina.app.logictests;
				PRODUCT_NAME = "$(TARGET_NAME)";
				SDKROOT = macosx;
				SWIFT_APPROACHABLE_CONCURRENCY = YES;
				SWIFT_DEFAULT_ACTOR_ISOLATION = MainActor;
				SWIFT_EMIT_LOC_STRINGS = NO;
				SWIFT_VERSION = 5.0;
				TEST_HOST = "$(BUILT_PRODUCTS_DIR)/Lumina.app/Contents/MacOS/Lumina";
			};
			name = Debug;
		};
		A3000001000000000000000F /* Release */ = {
			isa = XCBuildConfiguration;
			buildSettings = {
				BUNDLE_LOADER = "$(TEST_HOST)";
				CODE_SIGN_STYLE = Automatic;
				CURRENT_PROJECT_VERSION = 1;
				DEVELOPMENT_TEAM = "";
				GENERATE_INFOPLIST_FILE = YES;
				MACOSX_DEPLOYMENT_TARGET = 14.0;
				MARKETING_VERSION = 0.1.0;
				PRODUCT_BUNDLE_IDENTIFIER = com.lumina.app.logictests;
				PRODUCT_NAME = "$(TARGET_NAME)";
				SDKROOT = macosx;
				SWIFT_APPROACHABLE_CONCURRENCY = YES;
				SWIFT_DEFAULT_ACTOR_ISOLATION = MainActor;
				SWIFT_EMIT_LOC_STRINGS = NO;
				SWIFT_VERSION = 5.0;
				TEST_HOST = "$(BUILT_PRODUCTS_DIR)/Lumina.app/Contents/MacOS/Lumina";
			};
			name = Release;
		};
		A6000001000000000000000E /* Debug */ = {
			isa = XCBuildConfiguration;
			buildSettings = {
				ASSETCATALOG_COMPILER_APPICON_NAME = AppIcon;
				ASSETCATALOG_COMPILER_GLOBAL_ACCENT_COLOR_NAME = AccentColor;
				CODE_SIGN_STYLE = Automatic;
				COMBINE_HIDPI_IMAGES = YES;
				CURRENT_PROJECT_VERSION = 1;
				DEVELOPMENT_TEAM = "";
				EMIT_FRONTEND_COMMAND_LINES = YES;
				ENABLE_HARDENED_RUNTIME = NO;
				ENABLE_PREVIEWS = YES;
				ENABLE_USER_SCRIPT_SANDBOXING = NO;
				GENERATE_INFOPLIST_FILE = YES;
				INFOPLIST_KEY_CFBundleDisplayName = "Lumina Playground";
				INFOPLIST_KEY_NSHumanReadableCopyright = "";
				LD_RUNPATH_SEARCH_PATHS = (
					"$(inherited)",
					"@executable_path/../Frameworks",
				);
				MARKETING_VERSION = 0.1.0;
				OTHER_LDFLAGS = (
					"$(inherited)",
					"-Xlinker",
					"-interposable",
				);
				PRODUCT_BUNDLE_IDENTIFIER = com.lumina.playground;
				PRODUCT_NAME = "$(TARGET_NAME)";
				SWIFT_ACTIVE_COMPILATION_CONDITIONS = "LUMINA_WORKBENCH $(inherited)";
				SWIFT_APPROACHABLE_CONCURRENCY = YES;
				SWIFT_DEFAULT_ACTOR_ISOLATION = MainActor;
				SWIFT_EMIT_LOC_STRINGS = YES;
				SWIFT_VERSION = 5.0;
			};
			name = Debug;
		};
		A6000001000000000000000F /* Release */ = {
			isa = XCBuildConfiguration;
			buildSettings = {
				ASSETCATALOG_COMPILER_APPICON_NAME = AppIcon;
				ASSETCATALOG_COMPILER_GLOBAL_ACCENT_COLOR_NAME = AccentColor;
				CODE_SIGN_STYLE = Automatic;
				COMBINE_HIDPI_IMAGES = YES;
				CURRENT_PROJECT_VERSION = 1;
				DEAD_CODE_STRIPPING = YES;
				DEVELOPMENT_TEAM = "";
				ENABLE_HARDENED_RUNTIME = YES;
				ENABLE_PREVIEWS = YES;
				GENERATE_INFOPLIST_FILE = YES;
				INFOPLIST_KEY_NSHumanReadableCopyright = "";
				LD_RUNPATH_SEARCH_PATHS = (
					"$(inherited)",
					"@executable_path/../Frameworks",
				);
				MARKETING_VERSION = 0.1.0;
				PRODUCT_BUNDLE_IDENTIFIER = com.lumina.playground;
				PRODUCT_NAME = "$(TARGET_NAME)";
				SWIFT_APPROACHABLE_CONCURRENCY = YES;
				SWIFT_DEFAULT_ACTOR_ISOLATION = MainActor;
				SWIFT_EMIT_LOC_STRINGS = YES;
				SWIFT_VERSION = 5.0;
			};
			name = Release;
		};
/* End XCBuildConfiguration section */

/* Begin XCConfigurationList section */
		A10000010000000000000007 /* Build configuration list for PBXNativeTarget "Lumina" */ = {
			isa = XCConfigurationList;
			buildConfigurations = (
				A1000001000000000000000E /* Debug */,
				A1000001000000000000000F /* Release */,
			);
			defaultConfigurationIsVisible = 0;
			defaultConfigurationName = Release;
		};
		A1000001000000000000000B /* Build configuration list for PBXProject "Lumina" */ = {
			isa = XCConfigurationList;
			buildConfigurations = (
				A1000001000000000000000C /* Debug */,
				A1000001000000000000000D /* Release */,
			);
			defaultConfigurationIsVisible = 0;
			defaultConfigurationName = Release;
		};
		A20000010000000000000007 /* Build configuration list for PBXNativeTarget "LuminaUITests" */ = {
			isa = XCConfigurationList;
			buildConfigurations = (
				A2000001000000000000000E /* Debug */,
				A2000001000000000000000F /* Release */,
			);
			defaultConfigurationIsVisible = 0;
			defaultConfigurationName = Release;
		};
		A30000010000000000000007 /* Build configuration list for PBXNativeTarget "LuminaLogicTests" */ = {
			isa = XCConfigurationList;
			buildConfigurations = (
				A3000001000000000000000E /* Debug */,
				A3000001000000000000000F /* Release */,
			);
			defaultConfigurationIsVisible = 0;
			defaultConfigurationName = Release;
		};
		A60000010000000000000007 /* Build configuration list for PBXNativeTarget "LuminaPlayground" */ = {
			isa = XCConfigurationList;
			buildConfigurations = (
				A6000001000000000000000E /* Debug */,
				A6000001000000000000000F /* Release */,
			);
			defaultConfigurationIsVisible = 0;
			defaultConfigurationName = Release;
		};
/* End XCConfigurationList section */

/* Begin XCRemoteSwiftPackageReference section */
		A70000010000000000000002 /* XCRemoteSwiftPackageReference "Inject" */ = {
			isa = XCRemoteSwiftPackageReference;
			repositoryURL = "https://github.com/krzysztofzablocki/Inject.git";
			requirement = {
				kind = exactVersion;
				version = 1.6.0;
			};
		};
/* End XCRemoteSwiftPackageReference section */

/* Begin XCSwiftPackageProductDependency section */
		A70000010000000000000003 /* Inject */ = {
			isa = XCSwiftPackageProductDependency;
			package = A70000010000000000000002 /* XCRemoteSwiftPackageReference "Inject" */;
			productName = Inject;
		};
/* End XCSwiftPackageProductDependency section */
	};
	rootObject = A1000001000000000000000A /* Project object */;
}
